// !$*UTF8*$!
{
	archiveVersion = 1;
	classes = {
	};
	objectVersion = 46;
	objects = {

/* Begin PBXBuildFile section */
		15118D3E1DC2E49E007B5E5B /* AppDelegate.swift in Sources */ = {isa = PBXBuildFile; fileRef = 15118D3D1DC2E49E007B5E5B /* AppDelegate.swift */; };
		15118D401DC2E49E007B5E5B /* ViewController.swift in Sources */ = {isa = PBXBuildFile; fileRef = 15118D3F1DC2E49E007B5E5B /* ViewController.swift */; };
		15118D431DC2E49E007B5E5B /* Main.storyboard in Resources */ = {isa = PBXBuildFile; fileRef = 15118D411DC2E49E007B5E5B /* Main.storyboard */; };
		15118D451DC2E49E007B5E5B /* Assets.xcassets in Resources */ = {isa = PBXBuildFile; fileRef = 15118D441DC2E49E007B5E5B /* Assets.xcassets */; };
		15118D481DC2E49E007B5E5B /* LaunchScreen.storyboard in Resources */ = {isa = PBXBuildFile; fileRef = 15118D461DC2E49E007B5E5B /* LaunchScreen.storyboard */; };
		15118D531DC2E49E007B5E5B /* tableHeader_6Tests.swift in Sources */ = {isa = PBXBuildFile; fileRef = 15118D521DC2E49E007B5E5B /* tableHeader_6Tests.swift */; };
		15118D5E1DC2E94A007B5E5B /* Place.swift in Sources */ = {isa = PBXBuildFile; fileRef = 15118D5D1DC2E949007B5E5B /* Place.swift */; };
/* End PBXBuildFile section */

/* Begin PBXContainerItemProxy section */
		15118D4F1DC2E49E007B5E5B /* PBXContainerItemProxy */ = {
			isa = PBXContainerItemProxy;
			containerPortal = 15118D321DC2E49E007B5E5B /* Project object */;
			proxyType = 1;
			remoteGlobalIDString = 15118D391DC2E49E007B5E5B;
			remoteInfo = tableHeader_6;
		};
/* End PBXContainerItemProxy section */

/* Begin PBXFileReference section */
		15118D3A1DC2E49E007B5E5B /* tableHeader_6.app */ = {isa = PBXFileReference; explicitFileType = wrapper.application; includeInIndex = 0; path = tableHeader_6.app; sourceTree = BUILT_PRODUCTS_DIR; };
		15118D3D1DC2E49E007B5E5B /* AppDelegate.swift */ = {isa = PBXFileReference; lastKnownFileType = sourcecode.swift; path = AppDelegate.swift; sourceTree = "<group>"; };
		15118D3F1DC2E49E007B5E5B /* ViewController.swift */ = {isa = PBXFileReference; lastKnownFileType = sourcecode.swift; path = ViewController.swift; sourceTree = "<group>"; };
		15118D421DC2E49E007B5E5B /* Base */ = {isa = PBXFileReference; lastKnownFileType = file.storyboard; name = Base; path = Base.lproj/Main.storyboard; sourceTree = "<group>"; };
		15118D441DC2E49E007B5E5B /* Assets.xcassets */ = {isa = PBXFileReference; lastKnownFileType = folder.assetcatalog; path = Assets.xcassets; sourceTree = "<group>"; };
		15118D471DC2E49E007B5E5B /* Base */ = {isa = PBXFileReference; lastKnownFileType = file.storyboard; name = Base; path = Base.lproj/LaunchScreen.storyboard; sourceTree = "<group>"; };
		15118D491DC2E49E007B5E5B /* Info.plist */ = {isa = PBXFileReference; lastKnownFileType = text.plist.xml; path = Info.plist; sourceTree = "<group>"; };
		15118D4E1DC2E49E007B5E5B /* tableHeader_6Tests.xctest */ = {isa = PBXFileReference; explicitFileType = wrapper.cfbundle; includeInIndex = 0; path = tableHeader_6Tests.xctest; sourceTree = BUILT_PRODUCTS_DIR; };
		15118D521DC2E49E007B5E5B /* tableHeader_6Tests.swift */ = {isa = PBXFileReference; lastKnownFileType = sourcecode.swift; path = tableHeader_6Tests.swift; sourceTree = "<group>"; };
		15118D541DC2E49E007B5E5B /* Info.plist */ = {isa = PBXFileReference; lastKnownFileType = text.plist.xml; path = Info.plist; sourceTree = "<group>"; };
		15118D5D1DC2E949007B5E5B /* Place.swift */ = {isa = PBXFileReference; fileEncoding = 4; lastKnownFileType = sourcecode.swift; path = Place.swift; sourceTree = "<group>"; };
/* End PBXFileReference section */

/* Begin PBXFrameworksBuildPhase section */
		15118D371DC2E49E007B5E5B /* Frameworks */ = {
			isa = PBXFrameworksBuildPhase;
			buildActionMask = 2147483647;
			files = (
			);
			runOnlyForDeploymentPostprocessing = 0;
		};
		15118D4B1DC2E49E007B5E5B /* Frameworks */ = {
			isa = PBXFrameworksBuildPhase;
			buildActionMask = 2147483647;
			files = (
			);
			runOnlyForDeploymentPostprocessing = 0;
		};
/* End PBXFrameworksBuildPhase section */

/* Begin PBXGroup section */
		15118D311DC2E49E007B5E5B = {
			isa = PBXGroup;
			children = (
				15118D3C1DC2E49E007B5E5B /* tableHeader_6 */,
				15118D511DC2E49E007B5E5B /* tableHeader_6Tests */,
				15118D3B1DC2E49E007B5E5B /* Products */,
			);
			sourceTree = "<group>";
		};
		15118D3B1DC2E49E007B5E5B /* Products */ = {
			isa = PBXGroup;
			children = (
				15118D3A1DC2E49E007B5E5B /* tableHeader_6.app */,
				15118D4E1DC2E49E007B5E5B /* tableHeader_6Tests.xctest */,
			);
			name = Products;
			sourceTree = "<group>";
		};
		15118D3C1DC2E49E007B5E5B /* tableHeader_6 */ = {
			isa = PBXGroup;
			children = (
				15118D3D1DC2E49E007B5E5B /* AppDelegate.swift */,
				15118D3F1DC2E49E007B5E5B /* ViewController.swift */,
				15118D5D1DC2E949007B5E5B /* Place.swift */,
				15118D411DC2E49E007B5E5B /* Main.storyboard */,
				15118D441DC2E49E007B5E5B /* Assets.xcassets */,
				15118D461DC2E49E007B5E5B /* LaunchScreen.storyboard */,
				15118D491DC2E49E007B5E5B /* Info.plist */,
			);
			path = tableHeader_6;
			sourceTree = "<group>";
		};
		15118D511DC2E49E007B5E5B /* tableHeader_6Tests */ = {
			isa = PBXGroup;
			children = (
				15118D521DC2E49E007B5E5B /* tableHeader_6Tests.swift */,
				15118D541DC2E49E007B5E5B /* Info.plist */,
			);
			path = tableHeader_6Tests;
			sourceTree = "<group>";
		};
/* End PBXGroup section */

/* Begin PBXNativeTarget section */
		15118D391DC2E49E007B5E5B /* tableHeader_6 */ = {
			isa = PBXNativeTarget;
			buildConfigurationList = 15118D571DC2E49E007B5E5B /* Build configuration list for PBXNativeTarget "tableHeader_6" */;
			buildPhases = (
				15118D361DC2E49E007B5E5B /* Sources */,
				15118D371DC2E49E007B5E5B /* Frameworks */,
				15118D381DC2E49E007B5E5B /* Resources */,
			);
			buildRules = (
			);
			dependencies = (
			);
			name = tableHeader_6;
			productName = tableHeader_6;
			productReference = 15118D3A1DC2E49E007B5E5B /* tableHeader_6.app */;
			productType = "com.apple.product-type.application";
		};
		15118D4D1DC2E49E007B5E5B /* tableHeader_6Tests */ = {
			isa = PBXNativeTarget;
			buildConfigurationList = 15118D5A1DC2E49E007B5E5B /* Build configuration list for PBXNativeTarget "tableHeader_6Tests" */;
			buildPhases = (
				15118D4A1DC2E49E007B5E5B /* Sources */,
				15118D4B1DC2E49E007B5E5B /* Frameworks */,
				15118D4C1DC2E49E007B5E5B /* Resources */,
			);
			buildRules = (
			);
			dependencies = (
				15118D501DC2E49E007B5E5B /* PBXTargetDependency */,
			);
			name = tableHeader_6Tests;
			productName = tableHeader_6Tests;
			productReference = 15118D4E1DC2E49E007B5E5B /* tableHeader_6Tests.xctest */;
			productType = "com.apple.product-type.bundle.unit-test";
		};
/* End PBXNativeTarget section */

/* Begin PBXProject section */
		15118D321DC2E49E007B5E5B /* Project object */ = {
			isa = PBXProject;
			attributes = {
				LastSwiftUpdateCheck = 0730;
				LastUpgradeCheck = 0730;
				ORGANIZATIONNAME = jansti;
				TargetAttributes = {
					15118D391DC2E49E007B5E5B = {
						CreatedOnToolsVersion = 7.3.1;
					};
					15118D4D1DC2E49E007B5E5B = {
						CreatedOnToolsVersion = 7.3.1;
						TestTargetID = 15118D391DC2E49E007B5E5B;
					};
				};
			};
			buildConfigurationList = 15118D351DC2E49E007B5E5B /* Build configuration list for PBXProject "tableHeader_6" */;
			compatibilityVersion = "Xcode 3.2";
			developmentRegion = English;
			hasScannedForEncodings = 0;
			knownRegions = (
				en,
				Base,
			);
			mainGroup = 15118D311DC2E49E007B5E5B;
			productRefGroup = 15118D3B1DC2E49E007B5E5B /* Products */;
			projectDirPath = "";
			projectRoot = "";
			targets = (
				15118D391DC2E49E007B5E5B /* tableHeader_6 */,
				15118D4D1DC2E49E007B5E5B /* tableHeader_6Tests */,
			);
		};
/* End PBXProject section */

/* Begin PBXResourcesBuildPhase section */
		15118D381DC2E49E007B5E5B /* Resources */ = {
			isa = PBXResourcesBuildPhase;
			buildActionMask = 2147483647;
			files = (
				15118D481DC2E49E007B5E5B /* LaunchScreen.storyboard in Resources */,
				15118D451DC2E49E007B5E5B /* Assets.xcassets in Resources */,
				15118D431DC2E49E007B5E5B /* Main.storyboard in Resources */,
			);
			runOnlyForDeploymentPostprocessing = 0;
		};
		15118D4C1DC2E49E007B5E5B /* Resources */ = {
			isa = PBXResourcesBuildPhase;
			buildActionMask = 2147483647;
			files = (
			);
			runOnlyForDeploymentPostprocessing = 0;
		};
/* End PBXResourcesBuildPhase section */

/* Begin PBXSourcesBuildPhase section */
		15118D361DC2E49E007B5E5B /* Sources */ = {
			isa = PBXSourcesBuildPhase;
			buildActionMask = 2147483647;
			files = (
				15118D5E1DC2E94A007B5E5B /* Place.swift in Sources */,
				15118D401DC2E49E007B5E5B /* ViewController.swift in Sources */,
				15118D3E1DC2E49E007B5E5B /* AppDelegate.swift in Sources */,
			);
			runOnlyForDeploymentPostprocessing = 0;
		};
		15118D4A1DC2E49E007B5E5B /* Sources */ = {
			isa = PBXSourcesBuildPhase;
			buildActionMask = 2147483647;
			files = (
				15118D531DC2E49E007B5E5B /* tableHeader_6Tests.swift in Sources */,
			);
			runOnlyForDeploymentPostprocessing = 0;
		};
/* End PBXSourcesBuildPhase section */

/* Begin PBXTargetDependency section */
		15118D501DC2E49E007B5E5B /* PBXTargetDependency */ = {
			isa = PBXTargetDependency;
			target = 15118D391DC2E49E007B5E5B /* tableHeader_6 */;
			targetProxy = 15118D4F1DC2E49E007B5E5B /* PBXContainerItemProxy */;
		};
/* End PBXTargetDependency section */

/* Begin PBXVariantGroup section */
		15118D411DC2E49E007B5E5B /* Main.storyboard */ = {
			isa = PBXVariantGroup;
			children = (
				15118D421DC2E49E007B5E5B /* Base */,
			);
			name = Main.storyboard;
			sourceTree = "<group>";
		};
		15118D461DC2E49E007B5E5B /* LaunchScreen.storyboard */ = {
			isa = PBXVariantGroup;
			children = (
				15118D471DC2E49E007B5E5B /* Base */,
			);
			name = LaunchScreen.storyboard;
			sourceTree = "<group>";
		};
/* End PBXVariantGroup section */

/* Begin XCBuildConfiguration section */
		15118D551DC2E49E007B5E5B /* Debug */ = {
			isa = XCBuildConfiguration;
			buildSettings = {
				ALWAYS_SEARCH_USER_PATHS = NO;
				CLANG_ANALYZER_NONNULL = YES;
				CLANG_CXX_LANGUAGE_STANDARD = "gnu++0x";
				CLANG_CXX_LIBRARY = "libc++";
				CLANG_ENABLE_MODULES = YES;
				CLANG_ENABLE_OBJC_ARC = YES;
				CLANG_WARN_BOOL_CONVERSION = YES;
				CLANG_WARN_CONSTANT_CONVERSION = YES;
				CLANG_WARN_DIRECT_OBJC_ISA_USAGE = YES_ERROR;
				CLANG_WARN_EMPTY_BODY = YES;
				CLANG_WARN_ENUM_CONVERSION = YES;
				CLANG_WARN_INT_CONVERSION = YES;
				CLANG_WARN_OBJC_ROOT_CLASS = YES_ERROR;
				CLANG_WARN_UNREACHABLE_CODE = YES;
				CLANG_WARN__DUPLICATE_METHOD_MATCH = YES;
				"CODE_SIGN_IDENTITY[sdk=iphoneos*]" = "iPhone Developer";
				COPY_PHASE_STRIP = NO;
				DEBUG_INFORMATION_FORMAT = dwarf;
				ENABLE_STRICT_OBJC_MSGSEND = YES;
				ENABLE_TESTABILITY = YES;
				GCC_C_LANGUAGE_STANDARD = gnu99;
				GCC_DYNAMIC_NO_PIC = NO;
				GCC_NO_COMMON_BLOCKS = YES;
				GCC_OPTIMIZATION_LEVEL = 0;
				GCC_PREPROCESSOR_DEFINITIONS = (
					"DEBUG=1",
					"$(inherited)",
				);
				GCC_WARN_64_TO_32_BIT_CONVERSION = YES;
				GCC_WARN_ABOUT_RETURN_TYPE = YES_ERROR;
				GCC_WARN_UNDECLARED_SELECTOR = YES;
				GCC_WARN_UNINITIALIZED_AUTOS = YES_AGGRESSIVE;
				GCC_WARN_UNUSED_FUNCTION = YES;
				GCC_WARN_UNUSED_VARIABLE = YES;
				IPHONEOS_DEPLOYMENT_TARGET = 9.3;
				MTL_ENABLE_DEBUG_INFO = YES;
				ONLY_ACTIVE_ARCH = YES;
				SDKROOT = iphoneos;
				SWIFT_OPTIMIZATION_LEVEL = "-Onone";
				TARGETED_DEVICE_FAMILY = "1,2";
			};
			name = Debug;
		};
		15118D561DC2E49E007B5E5B /* Release */ = {
			isa = XCBuildConfiguration;
			buildSettings = {
				ALWAYS_SEARCH_USER_PATHS = NO;
				CLANG_ANALYZER_NONNULL = YES;
				CLANG_CXX_LANGUAGE_STANDARD = "gnu++0x";
				CLANG_CXX_LIBRARY = "libc++";
				CLANG_ENABLE_MODULES = YES;
				CLANG_ENABLE_OBJC_ARC = YES;
				CLANG_WARN_BOOL_CONVERSION = YES;
				CLANG_WARN_CONSTANT_CONVERSION = YES;
				CLANG_WARN_DIRECT_OBJC_ISA_USAGE = YES_ERROR;
				CLANG_WARN_EMPTY_BODY = YES;
				CLANG_WARN_ENUM_CONVERSION = YES;
				CLANG_WARN_INT_CONVERSION = YES;
				CLANG_WARN_OBJC_ROOT_CLASS = YES_ERROR;
				CLANG_WARN_UNREACHABLE_CODE = YES;
				CLANG_WARN__DUPLICATE_METHOD_MATCH = YES;
				"CODE_SIGN_IDENTITY[sdk=iphoneos*]" = "iPhone Developer";
				COPY_PHASE_STRIP = NO;
				DEBUG_INFORMATION_FORMAT = "dwarf-with-dsym";
				ENABLE_NS_ASSERTIONS = NO;
				ENABLE_STRICT_OBJC_MSGSEND = YES;
				GCC_C_LANGUAGE_STANDARD = gnu99;
				GCC_NO_COMMON_BLOCKS = YES;
				GCC_WARN_64_TO_32_BIT_CONVERSION = YES;
				GCC_WARN_ABOUT_RETURN_TYPE = YES_ERROR;
				GCC_WARN_UNDECLARED_SELECTOR = YES;
				GCC_WARN_UNINITIALIZED_AUTOS = YES_AGGRESSIVE;
				GCC_WARN_UNUSED_FUNCTION = YES;
				GCC_WARN_UNUSED_VARIABLE = YES;
				IPHONEOS_DEPLOYMENT_TARGET = 9.3;
				MTL_ENABLE_DEBUG_INFO = NO;
				SDKROOT = iphoneos;
				TARGETED_DEVICE_FAMILY = "1,2";
				VALIDATE_PRODUCT = YES;
			};
			name = Release;
		};
		15118D581DC2E49E007B5E5B /* Debug */ = {
			isa = XCBuildConfiguration;
			buildSettings = {
				ASSETCATALOG_COMPILER_APPICON_NAME = AppIcon;
				INFOPLIST_FILE = tableHeader_6/Info.plist;
				LD_RUNPATH_SEARCH_PATHS = "$(inherited) @executable_path/Frameworks";
				PRODUCT_BUNDLE_IDENTIFIER = "jansti.redstar.com.tableHeader-6";
				PRODUCT_NAME = "$(TARGET_NAME)";
			};
			name = Debug;
		};
		15118D591DC2E49E007B5E5B /* Release */ = {
			isa = XCBuildConfiguration;
			buildSettings = {
				ASSETCATALOG_COMPILER_APPICON_NAME = AppIcon;
				INFOPLIST_FILE = tableHeader_6/Info.plist;
				LD_RUNPATH_SEARCH_PATHS = "$(inherited) @executable_path/Frameworks";
				PRODUCT_BUNDLE_IDENTIFIER = "jansti.redstar.com.tableHeader-6";
				PRODUCT_NAME = "$(TARGET_NAME)";
			};
			name = Release;
		};
		15118D5B1DC2E49E007B5E5B /* Debug */ = {
			isa = XCBuildConfiguration;
			buildSettings = {
				BUNDLE_LOADER = "$(TEST_HOST)";
				INFOPLIST_FILE = tableHeader_6Tests/Info.plist;
				LD_RUNPATH_SEARCH_PATHS = "$(inherited) @executable_path/Frameworks @loader_path/Frameworks";
				PRODUCT_BUNDLE_IDENTIFIER = "jansti.redstar.com.tableHeader-6Tests";
				PRODUCT_NAME = "$(TARGET_NAME)";
				TEST_HOST = "$(BUILT_PRODUCTS_DIR)/tableHeader_6.app/tableHeader_6";
			};
			name = Debug;
		};
		15118D5C1DC2E49E007B5E5B /* Release */ = {
			isa = XCBuildConfiguration;
			buildSettings = {
				BUNDLE_LOADER = "$(TEST_HOST)";
				INFOPLIST_FILE = tableHeader_6Tests/Info.plist;
				LD_RUNPATH_SEARCH_PATHS = "$(inherited) @executable_path/Frameworks @loader_path/Frameworks";
				PRODUCT_BUNDLE_IDENTIFIER = "jansti.redstar.com.tableHeader-6Tests";
				PRODUCT_NAME = "$(TARGET_NAME)";
				TEST_HOST = "$(BUILT_PRODUCTS_DIR)/tableHeader_6.app/tableHeader_6";
			};
			name = Release;
		};
/* End XCBuildConfiguration section */

/* Begin XCConfigurationList section */
		15118D351DC2E49E007B5E5B /* Build configuration list for PBXProject "tableHeader_6" */ = {
			isa = XCConfigurationList;
			buildConfigurations = (
				15118D551DC2E49E007B5E5B /* Debug */,
				15118D561DC2E49E007B5E5B /* Release */,
			);
			defaultConfigurationIsVisible = 0;
			defaultConfigurationName = Release;
		};
		15118D571DC2E49E007B5E5B /* Build configuration list for PBXNativeTarget "tableHeader_6" */ = {
			isa = XCConfigurationList;
			buildConfigurations = (
				15118D581DC2E49E007B5E5B /* Debug */,
				15118D591DC2E49E007B5E5B /* Release */,
			);
			defaultConfigurationIsVisible = 0;
		};
		15118D5A1DC2E49E007B5E5B /* Build configuration list for PBXNativeTarget "tableHeader_6Tests" */ = {
			isa = XCConfigurationList;
			buildConfigurations = (
				15118D5B1DC2E49E007B5E5B /* Debug */,
				15118D5C1DC2E49E007B5E5B /* Release */,
			);
			defaultConfigurationIsVisible = 0;
		};
/* End XCConfigurationList section */
	};
	rootObject = 15118D321DC2E49E007B5E5B /* Project object */;
}
